
Microsoft Visual Studio Solution File, Format Version 12.00
# Visual Studio Version 17
VisualStudioVersion = 17.2.32616.157
MinimumVisualStudioVersion = 10.0.40219.1
Project("{FAE04EC0-301F-11D3-BF4B-00C04F79EFBC}") = "dice_game", "dice_game\dice_game.csproj", "{49F6EA3B-0775-4309-97B8-D2F34E4A4BCF}"
EndProject
Global
	GlobalSection(SolutionConfigurationPlatforms) = preSolution
		Debug|Any CPU = Debug|Any CPU
		Release|Any CPU = Release|Any CPU
	EndGlobalSection
	GlobalSection(ProjectConfigurationPlatforms) = postSolution
		{49F6EA3B-0775-4309-97B8-D2F34E4A4BCF}.Debug|Any CPU.ActiveCfg = Debug|Any CPU
		{49F6EA3B-0775-4309-97B8-D2F34E4A4BCF}.Debug|Any CPU.Build.0 = Debug|Any CPU
		{49F6EA3B-0775-4309-97B8-D2F34E4A4BCF}.Release|Any CPU.ActiveCfg = Release|Any CPU
		{49F6EA3B-0775-4309-97B8-D2F34E4A4BCF}.Release|Any CPU.Build.0 = Release|Any CPU
	EndGlobalSection
	GlobalSection(SolutionProperties) = preSolution
		HideSolutionNode = FALSE
	EndGlobalSection
	GlobalSection(ExtensibilityGlobals) = postSolution
		SolutionGuid = {765FBCD5-A211-4FD1-8FAA-BA9002E0275C}
	EndGlobalSection
EndGlobal
